
Microsoft Visual Studio Solution File, Format Version 12.00
# Visual Studio Version 16
VisualStudioVersion = 16.0.31229.75
MinimumVisualStudioVersion = 10.0.40219.1
Project("{9A19103F-16F7-4668-BE54-9A1E7A4F7556}") = "DrugApi", "DrugApi\DrugApi.csproj", "{9F4799C2-3E8C-4F6A-9F56-9BA6CDA9563B}"
EndProject
Project("{FAE04EC0-301F-11D3-BF4B-00C04F79EFBC}") = "DrugApi Test", "DrugApi Test\DrugApi Test.csproj", "{D96C18B6-97CD-4705-8F38-2B7DB8575AB7}"
EndProject
Global
	GlobalSection(SolutionConfigurationPlatforms) = preSolution
		Debug|Any CPU = Debug|Any CPU
		Release|Any CPU = Release|Any CPU
	EndGlobalSection
	GlobalSection(ProjectConfigurationPlatforms) = postSolution
		{9F4799C2-3E8C-4F6A-9F56-9BA6CDA9563B}.Debug|Any CPU.ActiveCfg = Debug|Any CPU
		{9F4799C2-3E8C-4F6A-9F56-9BA6CDA9563B}.Debug|Any CPU.Build.0 = Debug|Any CPU
		{9F4799C2-3E8C-4F6A-9F56-9BA6CDA9563B}.Release|Any CPU.ActiveCfg = Release|Any CPU
		{9F4799C2-3E8C-4F6A-9F56-9BA6CDA9563B}.Release|Any CPU.Build.0 = Release|Any CPU
		{D96C18B6-97CD-4705-8F38-2B7DB8575AB7}.Debug|Any CPU.ActiveCfg = Debug|Any CPU
		{D96C18B6-97CD-4705-8F38-2B7DB8575AB7}.Debug|Any CPU.Build.0 = Debug|Any CPU
		{D96C18B6-97CD-4705-8F38-2B7DB8575AB7}.Release|Any CPU.ActiveCfg = Release|Any CPU
		{D96C18B6-97CD-4705-8F38-2B7DB8575AB7}.Release|Any CPU.Build.0 = Release|Any CPU
	EndGlobalSection
	GlobalSection(SolutionProperties) = preSolution
		HideSolutionNode = FALSE
	EndGlobalSection
	GlobalSection(ExtensibilityGlobals) = postSolution
		SolutionGuid = {8487C266-4360-489D-9125-F93C14526CE8}
	EndGlobalSection
EndGlobal
